// !$*UTF8*$!
{
	archiveVersion = 1;
	classes = {
	};
	objectVersion = 77;
	objects = {

/* Begin PBXContainerItemProxy section */
		7D71527E2EB039B700071E24 /* PBXContainerItemProxy */ = {
			isa = PBXContainerItemProxy;
			containerPortal = 7D7152682EB039B500071E24 /* Project object */;
			proxyType = 1;
			remoteGlobalIDString = 7D71526F2EB039B500071E24;
			remoteInfo = AlfonsoMadero_SegundoParcial;
		};
		7D7152882EB039B700071E24 /* PBXContainerItemProxy */ = {
			isa = PBXContainerItemProxy;
			containerPortal = 7D7152682EB039B500071E24 /* Project object */;
			proxyType = 1;
			remoteGlobalIDString = 7D71526F2EB039B500071E24;
			remoteInfo = AlfonsoMadero_SegundoParcial;
		};
/* End PBXContainerItemProxy section */

/* Begin PBXFileReference section */
		7D7152702EB039B500071E24 /* AlfonsoMadero_SegundoParcial.app */ = {isa = PBXFileReference; explicitFileType = wrapper.application; includeInIndex = 0; path = AlfonsoMadero_SegundoParcial.app; sourceTree = BUILT_PRODUCTS_DIR; };
		7D71527D2EB039B700071E24 /* AlfonsoMadero_SegundoParcialTests.xctest */ = {isa = PBXFileReference; explicitFileType = wrapper.cfbundle; includeInIndex = 0; path = AlfonsoMadero_SegundoParcialTests.xctest; sourceTree = BUILT_PRODUCTS_DIR; };
		7D7152872EB039B700071E24 /* AlfonsoMadero_SegundoParcialUITests.xctest */ = {isa = PBXFileReference; explicitFileType = wrapper.cfbundle; includeInIndex = 0; path = AlfonsoMadero_SegundoParcialUITests.xctest; sourceTree = BUILT_PRODUCTS_DIR; };
/* End PBXFileReference section */

/* Begin PBXFileSystemSynchronizedRootGroup section */
		7D7152722EB039B500071E24 /* AlfonsoMadero_SegundoParcial */ = {
			isa = PBXFileSystemSynchronizedRootGroup;
			path = AlfonsoMadero_SegundoParcial;
			sourceTree = "<group>";
		};
		7D7152802EB039B700071E24 /* AlfonsoMadero_SegundoParcialTests */ = {
			isa = PBXFileSystemSynchronizedRootGroup;
			path = AlfonsoMadero_SegundoParcialTests;
			sourceTree = "<group>";
		};
		7D71528A2EB039B700071E24 /* AlfonsoMadero_SegundoParcialUITests */ = {
			isa = PBXFileSystemSynchronizedRootGroup;
			path = AlfonsoMadero_SegundoParcialUITests;
			sourceTree = "<group>";
		};
/* End PBXFileSystemSynchronizedRootGroup section */

/* Begin PBXFrameworksBuildPhase section */
		7D71526D2EB039B500071E24 /* Frameworks */ = {
			isa = PBXFrameworksBuildPhase;
			buildActionMask = 2147483647;
			files = (
			);
			runOnlyForDeploymentPostprocessing = 0;
		};
		7D71527A2EB039B700071E24 /* Frameworks */ = {
			isa = PBXFrameworksBuildPhase;
			buildActionMask = 2147483647;
			files = (
			);
			runOnlyForDeploymentPostprocessing = 0;
		};
		7D7152842EB039B700071E24 /* Frameworks */ = {
			isa = PBXFrameworksBuildPhase;
			buildActionMask = 2147483647;
			files = (
			);
			runOnlyForDeploymentPostprocessing = 0;
		};
/* End PBXFrameworksBuildPhase section */

/* Begin PBXGroup section */
		7D7152672EB039B500071E24 = {
			isa = PBXGroup;
			children = (
				7D7152722EB039B500071E24 /* AlfonsoMadero_SegundoParcial */,
				7D7152802EB039B700071E24 /* AlfonsoMadero_SegundoParcialTests */,
				7D71528A2EB039B700071E24 /* AlfonsoMadero_SegundoParcialUITests */,
				7D7152712EB039B500071E24 /* Products */,
			);
			sourceTree = "<group>";
		};
		7D7152712EB039B500071E24 /* Products */ = {
			isa = PBXGroup;
			children = (
				7D7152702EB039B500071E24 /* AlfonsoMadero_SegundoParcial.app */,
				7D71527D2EB039B700071E24 /* AlfonsoMadero_SegundoParcialTests.xctest */,
				7D7152872EB039B700071E24 /* AlfonsoMadero_SegundoParcialUITests.xctest */,
			);
			name = Products;
			sourceTree = "<group>";
		};
/* End PBXGroup section */

/* Begin PBXNativeTarget section */
		7D71526F2EB039B500071E24 /* AlfonsoMadero_SegundoParcial */ = {
			isa = PBXNativeTarget;
			buildConfigurationList = 7D7152912EB039B700071E24 /* Build configuration list for PBXNativeTarget "AlfonsoMadero_SegundoParcial" */;
			buildPhases = (
				7D71526C2EB039B500071E24 /* Sources */,
				7D71526D2EB039B500071E24 /* Frameworks */,
				7D71526E2EB039B500071E24 /* Resources */,
			);
			buildRules = (
			);
			dependencies = (
			);
			fileSystemSynchronizedGroups = (
				7D7152722EB039B500071E24 /* AlfonsoMadero_SegundoParcial */,
			);
			name = AlfonsoMadero_SegundoParcial;
			packageProductDependencies = (
			);
			productName = AlfonsoMadero_SegundoParcial;
			productReference = 7D7152702EB039B500071E24 /* AlfonsoMadero_SegundoParcial.app */;
			productType = "com.apple.product-type.application";
		};
		7D71527C2EB039B700071E24 /* AlfonsoMadero_SegundoParcialTests */ = {
			isa = PBXNativeTarget;
			buildConfigurationList = 7D7152942EB039B700071E24 /* Build configuration list for PBXNativeTarget "AlfonsoMadero_SegundoParcialTests" */;
			buildPhases = (
				7D7152792EB039B700071E24 /* Sources */,
				7D71527A2EB039B700071E24 /* Frameworks */,
				7D71527B2EB039B700071E24 /* Resources */,
			);
			buildRules = (
			);
			dependencies = (
				7D71527F2EB039B700071E24 /* PBXTargetDependency */,
			);
			fileSystemSynchronizedGroups = (
				7D7152802EB039B700071E24 /* AlfonsoMadero_SegundoParcialTests */,
			);
			name = AlfonsoMadero_SegundoParcialTests;
			packageProductDependencies = (
			);
			productName = AlfonsoMadero_SegundoParcialTests;
			productReference = 7D71527D2EB039B700071E24 /* AlfonsoMadero_SegundoParcialTests.xctest */;
			productType = "com.apple.product-type.bundle.unit-test";
		};
		7D7152862EB039B700071E24 /* AlfonsoMadero_SegundoParcialUITests */ = {
			isa = PBXNativeTarget;
			buildConfigurationList = 7D7152972EB039B700071E24 /* Build configuration list for PBXNativeTarget "AlfonsoMadero_SegundoParcialUITests" */;
			buildPhases = (
				7D7152832EB039B700071E24 /* Sources */,
				7D7152842EB039B700071E24 /* Frameworks */,
				7D7152852EB039B700071E24 /* Resources */,
			);
			buildRules = (
			);
			dependencies = (
				7D7152892EB039B700071E24 /* PBXTargetDependency */,
			);
			fileSystemSynchronizedGroups = (
				7D71528A2EB039B700071E24 /* AlfonsoMadero_SegundoParcialUITests */,
			);
			name = AlfonsoMadero_SegundoParcialUITests;
			packageProductDependencies = (
			);
			productName = AlfonsoMadero_SegundoParcialUITests;
			productReference = 7D7152872EB039B700071E24 /* AlfonsoMadero_SegundoParcialUITests.xctest */;
			productType = "com.apple.product-type.bundle.ui-testing";
		};
/* End PBXNativeTarget section */

/* Begin PBXProject section */
		7D7152682EB039B500071E24 /* Project object */ = {
			isa = PBXProject;
			attributes = {
				BuildIndependentTargetsInParallel = 1;
				LastSwiftUpdateCheck = 1640;
				LastUpgradeCheck = 1640;
				TargetAttributes = {
					7D71526F2EB039B500071E24 = {
						CreatedOnToolsVersion = 16.4;
					};
					7D71527C2EB039B700071E24 = {
						CreatedOnToolsVersion = 16.4;
						TestTargetID = 7D71526F2EB039B500071E24;
					};
					7D7152862EB039B700071E24 = {
						CreatedOnToolsVersion = 16.4;
						TestTargetID = 7D71526F2EB039B500071E24;
					};
				};
			};
			buildConfigurationList = 7D71526B2EB039B500071E24 /* Build configuration list for PBXProject "AlfonsoMadero_SegundoParcial" */;
			developmentRegion = en;
			hasScannedForEncodings = 0;
			knownRegions = (
				en,
				Base,
			);
			mainGroup = 7D7152672EB039B500071E24;
			minimizedProjectReferenceProxies = 1;
			preferredProjectObjectVersion = 77;
			productRefGroup = 7D7152712EB039B500071E24 /* Products */;
			projectDirPath = "";
			projectRoot = "";
			targets = (
				7D71526F2EB039B500071E24 /* AlfonsoMadero_SegundoParcial */,
				7D71527C2EB039B700071E24 /* AlfonsoMadero_SegundoParcialTests */,
				7D7152862EB039B700071E24 /* AlfonsoMadero_SegundoParcialUITests */,
			);
		};
/* End PBXProject section */

/* Begin PBXResourcesBuildPhase section */
		7D71526E2EB039B500071E24 /* Resources */ = {
			isa = PBXResourcesBuildPhase;
			buildActionMask = 2147483647;
			files = (
			);
			runOnlyForDeploymentPostprocessing = 0;
		};
		7D71527B2EB039B700071E24 /* Resources */ = {
			isa = PBXResourcesBuildPhase;
			buildActionMask = 2147483647;
			files = (
			);
			runOnlyForDeploymentPostprocessing = 0;
		};
		7D7152852EB039B700071E24 /* Resources */ = {
			isa = PBXResourcesBuildPhase;
			buildActionMask = 2147483647;
			files = (
			);
			runOnlyForDeploymentPostprocessing = 0;
		};
/* End PBXResourcesBuildPhase section */

/* Begin PBXSourcesBuildPhase section */
		7D71526C2EB039B500071E24 /* Sources */ = {
			isa = PBXSourcesBuildPhase;
			buildActionMask = 2147483647;
			files = (
			);
			runOnlyForDeploymentPostprocessing = 0;
		};
		7D7152792EB039B700071E24 /* Sources */ = {
			isa = PBXSourcesBuildPhase;
			buildActionMask = 2147483647;
			files = (
			);
			runOnlyForDeploymentPostprocessing = 0;
		};
		7D7152832EB039B700071E24 /* Sources */ = {
			isa = PBXSourcesBuildPhase;
			buildActionMask = 2147483647;
			files = (
			);
			runOnlyForDeploymentPostprocessing = 0;
		};
/* End PBXSourcesBuildPhase section */

/* Begin PBXTargetDependency section */
		7D71527F2EB039B700071E24 /* PBXTargetDependency */ = {
			isa = PBXTargetDependency;
			target = 7D71526F2EB039B500071E24 /* AlfonsoMadero_SegundoParcial */;
			targetProxy = 7D71527E2EB039B700071E24 /* PBXContainerItemProxy */;
		};
		7D7152892EB039B700071E24 /* PBXTargetDependency */ = {
			isa = PBXTargetDependency;
			target = 7D71526F2EB039B500071E24 /* AlfonsoMadero_SegundoParcial */;
			targetProxy = 7D7152882EB039B700071E24 /* PBXContainerItemProxy */;
		};
/* End PBXTargetDependency section */

/* Begin XCBuildConfiguration section */
		7D71528F2EB039B700071E24 /* Debug */ = {
			isa = XCBuildConfiguration;
			buildSettings = {
				ALWAYS_SEARCH_USER_PATHS = NO;
				ASSETCATALOG_COMPILER_GENERATE_SWIFT_ASSET_SYMBOL_EXTENSIONS = YES;
				CLANG_ANALYZER_NONNULL = YES;
				CLANG_ANALYZER_NUMBER_OBJECT_CONVERSION = YES_AGGRESSIVE;
				CLANG_CXX_LANGUAGE_STANDARD = "gnu++20";
				CLANG_ENABLE_MODULES = YES;
				CLANG_ENABLE_OBJC_ARC = YES;
				CLANG_ENABLE_OBJC_WEAK = YES;
				CLANG_WARN_BLOCK_CAPTURE_AUTORELEASING = YES;
				CLANG_WARN_BOOL_CONVERSION = YES;
				CLANG_WARN_COMMA = YES;
				CLANG_WARN_CONSTANT_CONVERSION = YES;
				CLANG_WARN_DEPRECATED_OBJC_IMPLEMENTATIONS = YES;
				CLANG_WARN_DIRECT_OBJC_ISA_USAGE = YES_ERROR;
				CLANG_WARN_DOCUMENTATION_COMMENTS = YES;
				CLANG_WARN_EMPTY_BODY = YES;
				CLANG_WARN_ENUM_CONVERSION = YES;
				CLANG_WARN_INFINITE_RECURSION = YES;
				CLANG_WARN_INT_CONVERSION = YES;
				CLANG_WARN_NON_LITERAL_NULL_CONVERSION = YES;
				CLANG_WARN_OBJC_IMPLICIT_RETAIN_SELF = YES;
				CLANG_WARN_OBJC_LITERAL_CONVERSION = YES;
				CLANG_WARN_OBJC_ROOT_CLASS = YES_ERROR;
				CLANG_WARN_QUOTED_INCLUDE_IN_FRAMEWORK_HEADER = YES;
				CLANG_WARN_RANGE_LOOP_ANALYSIS = YES;
				CLANG_WARN_STRICT_PROTOTYPES = YES;
				CLANG_WARN_SUSPICIOUS_MOVE = YES;
				CLANG_WARN_UNGUARDED_AVAILABILITY = YES_AGGRESSIVE;
				CLANG_WARN_UNREACHABLE_CODE = YES;
				CLANG_WARN__DUPLICATE_METHOD_MATCH = YES;
				COPY_PHASE_STRIP = NO;
				DEBUG_INFORMATION_FORMAT = dwarf;
				ENABLE_STRICT_OBJC_MSGSEND = YES;
				ENABLE_TESTABILITY = YES;
				ENABLE_USER_SCRIPT_SANDBOXING = YES;
				GCC_C_LANGUAGE_STANDARD = gnu17;
				GCC_DYNAMIC_NO_PIC = NO;
				GCC_NO_COMMON_BLOCKS = YES;
				GCC_OPTIMIZATION_LEVEL = 0;
				GCC_PREPROCESSOR_DEFINITIONS = (
					"DEBUG=1",
					"$(inherited)",
				);
				GCC_WARN_64_TO_32_BIT_CONVERSION = YES;
				GCC_WARN_ABOUT_RETURN_TYPE = YES_ERROR;
				GCC_WARN_UNDECLARED_SELECTOR = YES;
				GCC_WARN_UNINITIALIZED_AUTOS = YES_AGGRESSIVE;
				GCC_WARN_UNUSED_FUNCTION = YES;
				GCC_WARN_UNUSED_VARIABLE = YES;
				IPHONEOS_DEPLOYMENT_TARGET = 18.5;
				LOCALIZATION_PREFERS_STRING_CATALOGS = YES;
				MTL_ENABLE_DEBUG_INFO = INCLUDE_SOURCE;
				MTL_FAST_MATH = YES;
				ONLY_ACTIVE_ARCH = YES;
				SDKROOT = iphoneos;
				SWIFT_ACTIVE_COMPILATION_CONDITIONS = "DEBUG $(inherited)";
				SWIFT_OPTIMIZATION_LEVEL = "-Onone";
			};
			name = Debug;
		};
		7D7152902EB039B700071E24 /* Release */ = {
			isa = XCBuildConfiguration;
			buildSettings = {
				ALWAYS_SEARCH_USER_PATHS = NO;
				ASSETCATALOG_COMPILER_GENERATE_SWIFT_ASSET_SYMBOL_EXTENSIONS = YES;
				CLANG_ANALYZER_NONNULL = YES;
				CLANG_ANALYZER_NUMBER_OBJECT_CONVERSION = YES_AGGRESSIVE;
				CLANG_CXX_LANGUAGE_STANDARD = "gnu++20";
				CLANG_ENABLE_MODULES = YES;
				CLANG_ENABLE_OBJC_ARC = YES;
				CLANG_ENABLE_OBJC_WEAK = YES;
				CLANG_WARN_BLOCK_CAPTURE_AUTORELEASING = YES;
				CLANG_WARN_BOOL_CONVERSION = YES;
				CLANG_WARN_COMMA = YES;
				CLANG_WARN_CONSTANT_CONVERSION = YES;
				CLANG_WARN_DEPRECATED_OBJC_IMPLEMENTATIONS = YES;
				CLANG_WARN_DIRECT_OBJC_ISA_USAGE = YES_ERROR;
				CLANG_WARN_DOCUMENTATION_COMMENTS = YES;
				CLANG_WARN_EMPTY_BODY = YES;
				CLANG_WARN_ENUM_CONVERSION = YES;
				CLANG_WARN_INFINITE_RECURSION = YES;
				CLANG_WARN_INT_CONVERSION = YES;
				CLANG_WARN_NON_LITERAL_NULL_CONVERSION = YES;
				CLANG_WARN_OBJC_IMPLICIT_RETAIN_SELF = YES;
				CLANG_WARN_OBJC_LITERAL_CONVERSION = YES;
				CLANG_WARN_OBJC_ROOT_CLASS = YES_ERROR;
				CLANG_WARN_QUOTED_INCLUDE_IN_FRAMEWORK_HEADER = YES;
				CLANG_WARN_RANGE_LOOP_ANALYSIS = YES;
				CLANG_WARN_STRICT_PROTOTYPES = YES;
				CLANG_WARN_SUSPICIOUS_MOVE = YES;
				CLANG_WARN_UNGUARDED_AVAILABILITY = YES_AGGRESSIVE;
				CLANG_WARN_UNREACHABLE_CODE = YES;
				CLANG_WARN__DUPLICATE_METHOD_MATCH = YES;
				COPY_PHASE_STRIP = NO;
				DEBUG_INFORMATION_FORMAT = "dwarf-with-dsym";
				ENABLE_NS_ASSERTIONS = NO;
				ENABLE_STRICT_OBJC_MSGSEND = YES;
				ENABLE_USER_SCRIPT_SANDBOXING = YES;
				GCC_C_LANGUAGE_STANDARD = gnu17;
				GCC_NO_COMMON_BLOCKS = YES;
				GCC_WARN_64_TO_32_BIT_CONVERSION = YES;
				GCC_WARN_ABOUT_RETURN_TYPE = YES_ERROR;
				GCC_WARN_UNDECLARED_SELECTOR = YES;
				GCC_WARN_UNINITIALIZED_AUTOS = YES_AGGRESSIVE;
				GCC_WARN_UNUSED_FUNCTION = YES;
				GCC_WARN_UNUSED_VARIABLE = YES;
				IPHONEOS_DEPLOYMENT_TARGET = 18.5;
				LOCALIZATION_PREFERS_STRING_CATALOGS = YES;
				MTL_ENABLE_DEBUG_INFO = NO;
				MTL_FAST_MATH = YES;
				SDKROOT = iphoneos;
				SWIFT_COMPILATION_MODE = wholemodule;
				VALIDATE_PRODUCT = YES;
			};
			name = Release;
		};
		7D7152922EB039B700071E24 /* Debug */ = {
			isa = XCBuildConfiguration;
			buildSettings = {
				ASSETCATALOG_COMPILER_APPICON_NAME = AppIcon;
				ASSETCATALOG_COMPILER_GLOBAL_ACCENT_COLOR_NAME = AccentColor;
				CODE_SIGN_STYLE = Automatic;
				CURRENT_PROJECT_VERSION = 1;
				ENABLE_PREVIEWS = YES;
				GENERATE_INFOPLIST_FILE = YES;
				INFOPLIST_KEY_UIApplicationSceneManifest_Generation = YES;
				INFOPLIST_KEY_UIApplicationSupportsIndirectInputEvents = YES;
				INFOPLIST_KEY_UILaunchScreen_Generation = YES;
				INFOPLIST_KEY_UISupportedInterfaceOrientations_iPad = "UIInterfaceOrientationPortrait UIInterfaceOrientationPortraitUpsideDown UIInterfaceOrientationLandscapeLeft UIInterfaceOrientationLandscapeRight";
				INFOPLIST_KEY_UISupportedInterfaceOrientations_iPhone = "UIInterfaceOrientationPortrait UIInterfaceOrientationLandscapeLeft UIInterfaceOrientationLandscapeRight";
				LD_RUNPATH_SEARCH_PATHS = (
					"$(inherited)",
					"@executable_path/Frameworks",
				);
				MARKETING_VERSION = 1.0;
				PRODUCT_BUNDLE_IDENTIFIER = "amb.AlfonsoMadero-SegundoParcial";
				PRODUCT_NAME = "$(TARGET_NAME)";
				SWIFT_EMIT_LOC_STRINGS = YES;
				SWIFT_VERSION = 5.0;
				TARGETED_DEVICE_FAMILY = "1,2";
			};
			name = Debug;
		};
		7D7152932EB039B700071E24 /* Release */ = {
			isa = XCBuildConfiguration;
			buildSettings = {
				ASSETCATALOG_COMPILER_APPICON_NAME = AppIcon;
				ASSETCATALOG_COMPILER_GLOBAL_ACCENT_COLOR_NAME = AccentColor;
				CODE_SIGN_STYLE = Automatic;
				CURRENT_PROJECT_VERSION = 1;
				ENABLE_PREVIEWS = YES;
				GENERATE_INFOPLIST_FILE = YES;
				INFOPLIST_KEY_UIApplicationSceneManifest_Generation = YES;
				INFOPLIST_KEY_UIApplicationSupportsIndirectInputEvents = YES;
				INFOPLIST_KEY_UILaunchScreen_Generation = YES;
				INFOPLIST_KEY_UISupportedInterfaceOrientations_iPad = "UIInterfaceOrientationPortrait UIInterfaceOrientationPortraitUpsideDown UIInterfaceOrientationLandscapeLeft UIInterfaceOrientationLandscapeRight";
				INFOPLIST_KEY_UISupportedInterfaceOrientations_iPhone = "UIInterfaceOrientationPortrait UIInterfaceOrientationLandscapeLeft UIInterfaceOrientationLandscapeRight";
				LD_RUNPATH_SEARCH_PATHS = (
					"$(inherited)",
					"@executable_path/Frameworks",
				);
				MARKETING_VERSION = 1.0;
				PRODUCT_BUNDLE_IDENTIFIER = "amb.AlfonsoMadero-SegundoParcial";
				PRODUCT_NAME = "$(TARGET_NAME)";
				SWIFT_EMIT_LOC_STRINGS = YES;
				SWIFT_VERSION = 5.0;
				TARGETED_DEVICE_FAMILY = "1,2";
			};
			name = Release;
		};
		7D7152952EB039B700071E24 /* Debug */ = {
			isa = XCBuildConfiguration;
			buildSettings = {
				BUNDLE_LOADER = "$(TEST_HOST)";
				CODE_SIGN_STYLE = Automatic;
				CURRENT_PROJECT_VERSION = 1;
				GENERATE_INFOPLIST_FILE = YES;
				IPHONEOS_DEPLOYMENT_TARGET = 18.5;
				MARKETING_VERSION = 1.0;
				PRODUCT_BUNDLE_IDENTIFIER = "amb.AlfonsoMadero-SegundoParcialTests";
				PRODUCT_NAME = "$(TARGET_NAME)";
				SWIFT_EMIT_LOC_STRINGS = NO;
				SWIFT_VERSION = 5.0;
				TARGETED_DEVICE_FAMILY = "1,2";
				TEST_HOST = "$(BUILT_PRODUCTS_DIR)/AlfonsoMadero_SegundoParcial.app/$(BUNDLE_EXECUTABLE_FOLDER_PATH)/AlfonsoMadero_SegundoParcial";
			};
			name = Debug;
		};
		7D7152962EB039B700071E24 /* Release */ = {
			isa = XCBuildConfiguration;
			buildSettings = {
				BUNDLE_LOADER = "$(TEST_HOST)";
				CODE_SIGN_STYLE = Automatic;
				CURRENT_PROJECT_VERSION = 1;
				GENERATE_INFOPLIST_FILE = YES;
				IPHONEOS_DEPLOYMENT_TARGET = 18.5;
				MARKETING_VERSION = 1.0;
				PRODUCT_BUNDLE_IDENTIFIER = "amb.AlfonsoMadero-SegundoParcialTests";
				PRODUCT_NAME = "$(TARGET_NAME)";
				SWIFT_EMIT_LOC_STRINGS = NO;
				SWIFT_VERSION = 5.0;
				TARGETED_DEVICE_FAMILY = "1,2";
				TEST_HOST = "$(BUILT_PRODUCTS_DIR)/AlfonsoMadero_SegundoParcial.app/$(BUNDLE_EXECUTABLE_FOLDER_PATH)/AlfonsoMadero_SegundoParcial";
			};
			name = Release;
		};
		7D7152982EB039B700071E24 /* Debug */ = {
			isa = XCBuildConfiguration;
			buildSettings = {
				CODE_SIGN_STYLE = Automatic;
				CURRENT_PROJECT_VERSION = 1;
				GENERATE_INFOPLIST_FILE = YES;
				MARKETING_VERSION = 1.0;
				PRODUCT_BUNDLE_IDENTIFIER = "amb.AlfonsoMadero-SegundoParcialUITests";
				PRODUCT_NAME = "$(TARGET_NAME)";
				SWIFT_EMIT_LOC_STRINGS = NO;
				SWIFT_VERSION = 5.0;
				TARGETED_DEVICE_FAMILY = "1,2";
				TEST_TARGET_NAME = AlfonsoMadero_SegundoParcial;
			};
			name = Debug;
		};
		7D7152992EB039B700071E24 /* Release */ = {
			isa = XCBuildConfiguration;
			buildSettings = {
				CODE_SIGN_STYLE = Automatic;
				CURRENT_PROJECT_VERSION = 1;
				GENERATE_INFOPLIST_FILE = YES;
				MARKETING_VERSION = 1.0;
				PRODUCT_BUNDLE_IDENTIFIER = "amb.AlfonsoMadero-SegundoParcialUITests";
				PRODUCT_NAME = "$(TARGET_NAME)";
				SWIFT_EMIT_LOC_STRINGS = NO;
				SWIFT_VERSION = 5.0;
				TARGETED_DEVICE_FAMILY = "1,2";
				TEST_TARGET_NAME = AlfonsoMadero_SegundoParcial;
			};
			name = Release;
		};
/* End XCBuildConfiguration section */

/* Begin XCConfigurationList section */
		7D71526B2EB039B500071E24 /* Build configuration list for PBXProject "AlfonsoMadero_SegundoParcial" */ = {
			isa = XCConfigurationList;
			buildConfigurations = (
				7D71528F2EB039B700071E24 /* Debug */,
				7D7152902EB039B700071E24 /* Release */,
			);
			defaultConfigurationIsVisible = 0;
			defaultConfigurationName = Release;
		};
		7D7152912EB039B700071E24 /* Build configuration list for PBXNativeTarget "AlfonsoMadero_SegundoParcial" */ = {
			isa = XCConfigurationList;
			buildConfigurations = (
				7D7152922EB039B700071E24 /* Debug */,
				7D7152932EB039B700071E24 /* Release */,
			);
			defaultConfigurationIsVisible = 0;
			defaultConfigurationName = Release;
		};
		7D7152942EB039B700071E24 /* Build configuration list for PBXNativeTarget "AlfonsoMadero_SegundoParcialTests" */ = {
			isa = XCConfigurationList;
			buildConfigurations = (
				7D7152952EB039B700071E24 /* Debug */,
				7D7152962EB039B700071E24 /* Release */,
			);
			defaultConfigurationIsVisible = 0;
			defaultConfigurationName = Release;
		};
		7D7152972EB039B700071E24 /* Build configuration list for PBXNativeTarget "AlfonsoMadero_SegundoParcialUITests" */ = {
			isa = XCConfigurationList;
			buildConfigurations = (
				7D7152982EB039B700071E24 /* Debug */,
				7D7152992EB039B700071E24 /* Release */,
			);
			defaultConfigurationIsVisible = 0;
			defaultConfigurationName = Release;
		};
/* End XCConfigurationList section */
	};
	rootObject = 7D7152682EB039B500071E24 /* Project object */;
}
